
Microsoft Visual Studio Solution File, Format Version 12.00
# Visual Studio 14
VisualStudioVersion = 14.0.24720.0
MinimumVisualStudioVersion = 10.0.40219.1
Project("{FAE04EC0-301F-11D3-BF4B-00C04F79EFBC}") = "EmployeeAPI", "EmployeeService\EmployeeAPI.csproj", "{FA696E4D-47DF-4814-AC96-C35C81CAFAFE}"
EndProject
Project("{FAE04EC0-301F-11D3-BF4B-00C04F79EFBC}") = "EmployeeEntitis", "EmployeeEntitis\EmployeeEntitis.csproj", "{73515A22-CD8D-4DAB-85BE-61711B5667A6}"
EndProject
Project("{FAE04EC0-301F-11D3-BF4B-00C04F79EFBC}") = "EmployeeExcelDataProvider", "EmployeeExcelDataProvider\EmployeeExcelDataProvider.csproj", "{740D3786-F71E-4EF8-A616-B9C0626FB576}"
EndProject
Project("{FAE04EC0-301F-11D3-BF4B-00C04F79EFBC}") = "ConsoleEmployeeTest", "ConsoleApplication1\ConsoleEmployeeTest.csproj", "{DC059326-3203-4FA9-918A-1B32BBA3D3A0}"
EndProject
Global
	GlobalSection(SolutionConfigurationPlatforms) = preSolution
		Debug|Any CPU = Debug|Any CPU
		Release|Any CPU = Release|Any CPU
	EndGlobalSection
	GlobalSection(ProjectConfigurationPlatforms) = postSolution
		{FA696E4D-47DF-4814-AC96-C35C81CAFAFE}.Debug|Any CPU.ActiveCfg = Debug|Any CPU
		{FA696E4D-47DF-4814-AC96-C35C81CAFAFE}.Debug|Any CPU.Build.0 = Debug|Any CPU
		{FA696E4D-47DF-4814-AC96-C35C81CAFAFE}.Release|Any CPU.ActiveCfg = Release|Any CPU
		{FA696E4D-47DF-4814-AC96-C35C81CAFAFE}.Release|Any CPU.Build.0 = Release|Any CPU
		{73515A22-CD8D-4DAB-85BE-61711B5667A6}.Debug|Any CPU.ActiveCfg = Debug|Any CPU
		{73515A22-CD8D-4DAB-85BE-61711B5667A6}.Debug|Any CPU.Build.0 = Debug|Any CPU
		{73515A22-CD8D-4DAB-85BE-61711B5667A6}.Release|Any CPU.ActiveCfg = Release|Any CPU
		{73515A22-CD8D-4DAB-85BE-61711B5667A6}.Release|Any CPU.Build.0 = Release|Any CPU
		{740D3786-F71E-4EF8-A616-B9C0626FB576}.Debug|Any CPU.ActiveCfg = Debug|Any CPU
		{740D3786-F71E-4EF8-A616-B9C0626FB576}.Debug|Any CPU.Build.0 = Debug|Any CPU
		{740D3786-F71E-4EF8-A616-B9C0626FB576}.Release|Any CPU.ActiveCfg = Release|Any CPU
		{740D3786-F71E-4EF8-A616-B9C0626FB576}.Release|Any CPU.Build.0 = Release|Any CPU
		{DC059326-3203-4FA9-918A-1B32BBA3D3A0}.Debug|Any CPU.ActiveCfg = Debug|Any CPU
		{DC059326-3203-4FA9-918A-1B32BBA3D3A0}.Debug|Any CPU.Build.0 = Debug|Any CPU
		{DC059326-3203-4FA9-918A-1B32BBA3D3A0}.Release|Any CPU.ActiveCfg = Release|Any CPU
		{DC059326-3203-4FA9-918A-1B32BBA3D3A0}.Release|Any CPU.Build.0 = Release|Any CPU
	EndGlobalSection
	GlobalSection(SolutionProperties) = preSolution
		HideSolutionNode = FALSE
	EndGlobalSection
EndGlobal
